PODS:
  - Alamofire (4.8.0)
  - Moya (12.0.1):
    - Moya/Core (= 12.0.1)
  - Moya/Core (12.0.1):
    - Alamofire (~> 4.1)
    - Result (~> 4.0)
  - ObjectMapper (3.4.1)
  - Result (4.0.0)
  - SwiftLint (0.28.2)
  - SwiftLocation (3.2.0):
    - SwiftyJSON (~> 4.0.0-alpha.1)
  - SwiftyJSON (4.0.0)

DEPENDENCIES:
  - Moya (= 12.0.1)
  - ObjectMapper (= 3.4.1)
  - SwiftLint (= 0.28.2)
  - SwiftLocation (= 3.2.0)

SPEC REPOS:
  https://github.com/cocoapods/specs.git:
    - Alamofire
    - Moya
    - ObjectMapper
    - Result
    - SwiftLint
    - SwiftLocation
    - SwiftyJSON

SPEC CHECKSUMS:
  Alamofire: 3ec537f71edc9804815215393ae2b1a8ea33a844
  Moya: cf730b3cd9e005401ef37a85143aa141a12fd38f
  ObjectMapper: 5311bd50ca732930959e7ca1a2de43ab823a5ced
  Result: 7645bb3f50c2ce726dd0ff2fa7b6f42bbe6c3713
  SwiftLint: f1629ae733b64e9cad20052de01d1debd5b640e7
  SwiftLocation: 77ffe8d04c1a743dba87f8fa5c418a9da698c2e9
  SwiftyJSON: 070dabdcb1beb81b247c65ffa3a79dbbfb3b48aa

PODFILE CHECKSUM: b7d39d05532e49e967d6bfdf7b8571bbf8d4f24d

COCOAPODS: 1.5.3
