// !$*UTF8*$!
{
	archiveVersion = 1;
	classes = {
	};
	objectVersion = 46;
	objects = {

/* Begin PBXBuildFile section */
		8CE52CCA1D99085300637175 /* ExtensionsTests.swift in Sources */ = {isa = PBXBuildFile; fileRef = 8CE52CC91D99085300637175 /* ExtensionsTests.swift */; };
		8CE52CCC1D990E4F00637175 /* WeatherTests.swift in Sources */ = {isa = PBXBuildFile; fileRef = 8CE52CCB1D990E4F00637175 /* WeatherTests.swift */; };
		B5EC68D51D97D9F700BD8AC6 /* AppDelegate.swift in Sources */ = {isa = PBXBuildFile; fileRef = B5EC68D41D97D9F700BD8AC6 /* AppDelegate.swift */; };
		B5EC68D71D97DA2800BD8AC6 /* Swan.xcassets in Resources */ = {isa = PBXBuildFile; fileRef = B5EC68D61D97DA2800BD8AC6 /* Swan.xcassets */; };
		B5EC68DD1D97FCB700BD8AC6 /* Main.storyboard in Resources */ = {isa = PBXBuildFile; fileRef = B5EC68DC1D97FCB700BD8AC6 /* Main.storyboard */; };
		B5EC68DF1D97FCC700BD8AC6 /* LaunchScreen.storyboard in Resources */ = {isa = PBXBuildFile; fileRef = B5EC68DE1D97FCC700BD8AC6 /* LaunchScreen.storyboard */; };
		B5EC68E11D97FF8100BD8AC6 /* APICurrent.swift in Sources */ = {isa = PBXBuildFile; fileRef = B5EC68E01D97FF8100BD8AC6 /* APICurrent.swift */; };
		B5EC68E31D98002D00BD8AC6 /* APIWeather.swift in Sources */ = {isa = PBXBuildFile; fileRef = B5EC68E21D98002D00BD8AC6 /* APIWeather.swift */; };
		B5EC68E71D9815B600BD8AC6 /* CurrentCell.swift in Sources */ = {isa = PBXBuildFile; fileRef = B5EC68E61D9815B600BD8AC6 /* CurrentCell.swift */; };
		B5EC68E91D9815C700BD8AC6 /* ForecastCell.swift in Sources */ = {isa = PBXBuildFile; fileRef = B5EC68E81D9815C700BD8AC6 /* ForecastCell.swift */; };
		B5EC68ED1D98165F00BD8AC6 /* TableView+Utils.swift in Sources */ = {isa = PBXBuildFile; fileRef = B5EC68EC1D98165F00BD8AC6 /* TableView+Utils.swift */; };
		B5EC68EF1D981A5500BD8AC6 /* Weather.swift in Sources */ = {isa = PBXBuildFile; fileRef = B5EC68EE1D981A5500BD8AC6 /* Weather.swift */; };
		B5EC68F11D981BCE00BD8AC6 /* CurrentViewController.swift in Sources */ = {isa = PBXBuildFile; fileRef = B5EC68F01D981BCE00BD8AC6 /* CurrentViewController.swift */; };
		B5EC68F51D981C0200BD8AC6 /* CurrentPresenter.swift in Sources */ = {isa = PBXBuildFile; fileRef = B5EC68F41D981C0200BD8AC6 /* CurrentPresenter.swift */; };
		B5EC68F71D981C1000BD8AC6 /* CurrentInteractor.swift in Sources */ = {isa = PBXBuildFile; fileRef = B5EC68F61D981C1000BD8AC6 /* CurrentInteractor.swift */; };
		B5EC68F91D981C2D00BD8AC6 /* CurrentConfigurator.swift in Sources */ = {isa = PBXBuildFile; fileRef = B5EC68F81D981C2D00BD8AC6 /* CurrentConfigurator.swift */; };
		B5EC68FC1D982B6B00BD8AC6 /* APICurrentWorker.swift in Sources */ = {isa = PBXBuildFile; fileRef = B5EC68FB1D982B6B00BD8AC6 /* APICurrentWorker.swift */; };
		B5EC68FE1D982B7900BD8AC6 /* APIForecastWorker.swift in Sources */ = {isa = PBXBuildFile; fileRef = B5EC68FD1D982B7900BD8AC6 /* APIForecastWorker.swift */; };
		B5EC69031D98315600BD8AC6 /* Double+Utils.swift in Sources */ = {isa = PBXBuildFile; fileRef = B5EC69021D98315600BD8AC6 /* Double+Utils.swift */; };
		B5EC69061D98330E00BD8AC6 /* API.swift in Sources */ = {isa = PBXBuildFile; fileRef = B5EC69051D98330E00BD8AC6 /* API.swift */; };
		B5EC69081D983E6F00BD8AC6 /* APIForecast.swift in Sources */ = {isa = PBXBuildFile; fileRef = B5EC69071D983E6F00BD8AC6 /* APIForecast.swift */; };
		B5EC690B1D986B8100BD8AC6 /* ForecastView.xib in Resources */ = {isa = PBXBuildFile; fileRef = B5EC690A1D986B8100BD8AC6 /* ForecastView.xib */; };
		B5EC690D1D986D2700BD8AC6 /* ForecastView.swift in Sources */ = {isa = PBXBuildFile; fileRef = B5EC690C1D986D2700BD8AC6 /* ForecastView.swift */; };
		B5EC69101D98733100BD8AC6 /* View+Utils.swift in Sources */ = {isa = PBXBuildFile; fileRef = B5EC690F1D98733100BD8AC6 /* View+Utils.swift */; };
		EFC4FEB7D01732E310EF4A3B /* Pods_BlackSwan.framework in Frameworks */ = {isa = PBXBuildFile; fileRef = D2D58978D74F8C499E867238 /* Pods_BlackSwan.framework */; };
/* End PBXBuildFile section */

/* Begin PBXContainerItemProxy section */
		8C25E9671D95253700A9C79C /* PBXContainerItemProxy */ = {
			isa = PBXContainerItemProxy;
			containerPortal = 8C25E94A1D95253700A9C79C /* Project object */;
			proxyType = 1;
			remoteGlobalIDString = 8C25E9511D95253700A9C79C;
			remoteInfo = BlackSwan;
		};
/* End PBXContainerItemProxy section */

/* Begin PBXFileReference section */
		13CF9A25EAA4987A25AA2D73 /* Pods-BlackSwan.release.xcconfig */ = {isa = PBXFileReference; includeInIndex = 1; lastKnownFileType = text.xcconfig; name = "Pods-BlackSwan.release.xcconfig"; path = "Pods/Target Support Files/Pods-BlackSwan/Pods-BlackSwan.release.xcconfig"; sourceTree = "<group>"; };
		8C25E9521D95253700A9C79C /* BlackSwan.app */ = {isa = PBXFileReference; explicitFileType = wrapper.application; includeInIndex = 0; path = BlackSwan.app; sourceTree = BUILT_PRODUCTS_DIR; };
		8C25E9661D95253700A9C79C /* BlackSwanTests.xctest */ = {isa = PBXFileReference; explicitFileType = wrapper.cfbundle; includeInIndex = 0; path = BlackSwanTests.xctest; sourceTree = BUILT_PRODUCTS_DIR; };
		8C25E96C1D95253700A9C79C /* Info.plist */ = {isa = PBXFileReference; lastKnownFileType = text.plist.xml; path = Info.plist; sourceTree = "<group>"; };
		8CE52CC91D99085300637175 /* ExtensionsTests.swift */ = {isa = PBXFileReference; fileEncoding = 4; lastKnownFileType = sourcecode.swift; path = ExtensionsTests.swift; sourceTree = "<group>"; };
		8CE52CCB1D990E4F00637175 /* WeatherTests.swift */ = {isa = PBXFileReference; fileEncoding = 4; lastKnownFileType = sourcecode.swift; path = WeatherTests.swift; sourceTree = "<group>"; };
		B5EC68D21D97D9C100BD8AC6 /* Info.plist */ = {isa = PBXFileReference; fileEncoding = 4; lastKnownFileType = text.plist.xml; name = Info.plist; path = Support/Info.plist; sourceTree = "<group>"; };
		B5EC68D41D97D9F700BD8AC6 /* AppDelegate.swift */ = {isa = PBXFileReference; fileEncoding = 4; lastKnownFileType = sourcecode.swift; name = AppDelegate.swift; path = Code/AppDelegate.swift; sourceTree = "<group>"; };
		B5EC68D61D97DA2800BD8AC6 /* Swan.xcassets */ = {isa = PBXFileReference; lastKnownFileType = folder.assetcatalog; name = Swan.xcassets; path = Assets/Swan.xcassets; sourceTree = "<group>"; };
		B5EC68DC1D97FCB700BD8AC6 /* Main.storyboard */ = {isa = PBXFileReference; fileEncoding = 4; lastKnownFileType = file.storyboard; name = Main.storyboard; path = Support/Main.storyboard; sourceTree = "<group>"; };
		B5EC68DE1D97FCC700BD8AC6 /* LaunchScreen.storyboard */ = {isa = PBXFileReference; fileEncoding = 4; lastKnownFileType = file.storyboard; name = LaunchScreen.storyboard; path = Support/LaunchScreen.storyboard; sourceTree = "<group>"; };
		B5EC68E01D97FF8100BD8AC6 /* APICurrent.swift */ = {isa = PBXFileReference; fileEncoding = 4; lastKnownFileType = sourcecode.swift; name = APICurrent.swift; path = Code/Common/Models/APICurrent.swift; sourceTree = "<group>"; };
		B5EC68E21D98002D00BD8AC6 /* APIWeather.swift */ = {isa = PBXFileReference; fileEncoding = 4; lastKnownFileType = sourcecode.swift; name = APIWeather.swift; path = Code/Common/Models/APIWeather.swift; sourceTree = "<group>"; };
		B5EC68E61D9815B600BD8AC6 /* CurrentCell.swift */ = {isa = PBXFileReference; fileEncoding = 4; lastKnownFileType = sourcecode.swift; name = CurrentCell.swift; path = Code/Modules/Current/Cells/CurrentCell.swift; sourceTree = "<group>"; };
		B5EC68E81D9815C700BD8AC6 /* ForecastCell.swift */ = {isa = PBXFileReference; fileEncoding = 4; lastKnownFileType = sourcecode.swift; name = ForecastCell.swift; path = Code/Modules/Current/Cells/ForecastCell.swift; sourceTree = "<group>"; };
		B5EC68EC1D98165F00BD8AC6 /* TableView+Utils.swift */ = {isa = PBXFileReference; fileEncoding = 4; lastKnownFileType = sourcecode.swift; name = "TableView+Utils.swift"; path = "Code/Common/Extensions/TableView/TableView+Utils.swift"; sourceTree = "<group>"; };
		B5EC68EE1D981A5500BD8AC6 /* Weather.swift */ = {isa = PBXFileReference; fileEncoding = 4; lastKnownFileType = sourcecode.swift; name = Weather.swift; path = Code/Common/Models/Weather.swift; sourceTree = "<group>"; };
		B5EC68F01D981BCE00BD8AC6 /* CurrentViewController.swift */ = {isa = PBXFileReference; fileEncoding = 4; lastKnownFileType = sourcecode.swift; name = CurrentViewController.swift; path = Code/Modules/Current/CurrentViewController.swift; sourceTree = "<group>"; };
		B5EC68F41D981C0200BD8AC6 /* CurrentPresenter.swift */ = {isa = PBXFileReference; fileEncoding = 4; lastKnownFileType = sourcecode.swift; name = CurrentPresenter.swift; path = Code/Modules/Current/CurrentPresenter.swift; sourceTree = "<group>"; };
		B5EC68F61D981C1000BD8AC6 /* CurrentInteractor.swift */ = {isa = PBXFileReference; fileEncoding = 4; lastKnownFileType = sourcecode.swift; name = CurrentInteractor.swift; path = Code/Modules/Current/CurrentInteractor.swift; sourceTree = "<group>"; };
		B5EC68F81D981C2D00BD8AC6 /* CurrentConfigurator.swift */ = {isa = PBXFileReference; fileEncoding = 4; lastKnownFileType = sourcecode.swift; name = CurrentConfigurator.swift; path = Code/Modules/Current/Cells/CurrentConfigurator.swift; sourceTree = "<group>"; };
		B5EC68FB1D982B6B00BD8AC6 /* APICurrentWorker.swift */ = {isa = PBXFileReference; fileEncoding = 4; lastKnownFileType = sourcecode.swift; name = APICurrentWorker.swift; path = Code/Common/Workers/APICurrentWorker.swift; sourceTree = "<group>"; };
		B5EC68FD1D982B7900BD8AC6 /* APIForecastWorker.swift */ = {isa = PBXFileReference; fileEncoding = 4; lastKnownFileType = sourcecode.swift; name = APIForecastWorker.swift; path = Code/Common/Workers/APIForecastWorker.swift; sourceTree = "<group>"; };
		B5EC69021D98315600BD8AC6 /* Double+Utils.swift */ = {isa = PBXFileReference; fileEncoding = 4; lastKnownFileType = sourcecode.swift; name = "Double+Utils.swift"; path = "Code/Common/Extensions/Double/Double+Utils.swift"; sourceTree = "<group>"; };
		B5EC69051D98330E00BD8AC6 /* API.swift */ = {isa = PBXFileReference; fileEncoding = 4; lastKnownFileType = sourcecode.swift; name = API.swift; path = Code/Common/Helpers/API.swift; sourceTree = "<group>"; };
		B5EC69071D983E6F00BD8AC6 /* APIForecast.swift */ = {isa = PBXFileReference; fileEncoding = 4; lastKnownFileType = sourcecode.swift; name = APIForecast.swift; path = Code/Common/Models/APIForecast.swift; sourceTree = "<group>"; };
		B5EC690A1D986B8100BD8AC6 /* ForecastView.xib */ = {isa = PBXFileReference; fileEncoding = 4; lastKnownFileType = file.xib; name = ForecastView.xib; path = Code/Modules/Current/Views/ForecastView.xib; sourceTree = "<group>"; };
		B5EC690C1D986D2700BD8AC6 /* ForecastView.swift */ = {isa = PBXFileReference; fileEncoding = 4; lastKnownFileType = sourcecode.swift; name = ForecastView.swift; path = Code/Modules/Current/Views/ForecastView.swift; sourceTree = "<group>"; };
		B5EC690F1D98733100BD8AC6 /* View+Utils.swift */ = {isa = PBXFileReference; fileEncoding = 4; lastKnownFileType = sourcecode.swift; name = "View+Utils.swift"; path = "Code/Common/Extensions/View/View+Utils.swift"; sourceTree = "<group>"; };
		D2D58978D74F8C499E867238 /* Pods_BlackSwan.framework */ = {isa = PBXFileReference; explicitFileType = wrapper.framework; includeInIndex = 0; path = Pods_BlackSwan.framework; sourceTree = BUILT_PRODUCTS_DIR; };
		F44FC3AEE91FFA4E4F71E4AD /* Pods-BlackSwan.debug.xcconfig */ = {isa = PBXFileReference; includeInIndex = 1; lastKnownFileType = text.xcconfig; name = "Pods-BlackSwan.debug.xcconfig"; path = "Pods/Target Support Files/Pods-BlackSwan/Pods-BlackSwan.debug.xcconfig"; sourceTree = "<group>"; };
/* End PBXFileReference section */

/* Begin PBXFrameworksBuildPhase section */
		8C25E94F1D95253700A9C79C /* Frameworks */ = {
			isa = PBXFrameworksBuildPhase;
			buildActionMask = 2147483647;
			files = (
				EFC4FEB7D01732E310EF4A3B /* Pods_BlackSwan.framework in Frameworks */,
			);
			runOnlyForDeploymentPostprocessing = 0;
		};
		8C25E9631D95253700A9C79C /* Frameworks */ = {
			isa = PBXFrameworksBuildPhase;
			buildActionMask = 2147483647;
			files = (
			);
			runOnlyForDeploymentPostprocessing = 0;
		};
/* End PBXFrameworksBuildPhase section */

/* Begin PBXGroup section */
		8C25E9491D95253700A9C79C = {
			isa = PBXGroup;
			children = (
				8C25E9541D95253700A9C79C /* BlackSwan */,
				8C25E9691D95253700A9C79C /* BlackSwanTests */,
				8C25E9531D95253700A9C79C /* Products */,
				CD265F39B4CEC2D758077D16 /* Pods */,
				CE1D172FA68798D2AC369179 /* Frameworks */,
			);
			sourceTree = "<group>";
		};
		8C25E9531D95253700A9C79C /* Products */ = {
			isa = PBXGroup;
			children = (
				8C25E9521D95253700A9C79C /* BlackSwan.app */,
				8C25E9661D95253700A9C79C /* BlackSwanTests.xctest */,
			);
			name = Products;
			sourceTree = "<group>";
		};
		8C25E9541D95253700A9C79C /* BlackSwan */ = {
			isa = PBXGroup;
			children = (
				B5EC68D11D97D9AE00BD8AC6 /* Assets */,
				B5EC68D01D97D9A900BD8AC6 /* Code */,
				B5EC68CF1D97D96200BD8AC6 /* Support */,
			);
			path = BlackSwan;
			sourceTree = "<group>";
		};
		8C25E9691D95253700A9C79C /* BlackSwanTests */ = {
			isa = PBXGroup;
			children = (
				8CE52CCB1D990E4F00637175 /* WeatherTests.swift */,
				8CE52CC91D99085300637175 /* ExtensionsTests.swift */,
				8C25E96C1D95253700A9C79C /* Info.plist */,
			);
			path = BlackSwanTests;
			sourceTree = "<group>";
		};
		B5EC68CF1D97D96200BD8AC6 /* Support */ = {
			isa = PBXGroup;
			children = (
				B5EC68D21D97D9C100BD8AC6 /* Info.plist */,
				B5EC68DC1D97FCB700BD8AC6 /* Main.storyboard */,
				B5EC68DE1D97FCC700BD8AC6 /* LaunchScreen.storyboard */,
			);
			name = Support;
			sourceTree = "<group>";
		};
		B5EC68D01D97D9A900BD8AC6 /* Code */ = {
			isa = PBXGroup;
			children = (
				B5EC68D91D97F72800BD8AC6 /* Common */,
				B5EC68DA1D97F72C00BD8AC6 /* Modules */,
				B5EC68D41D97D9F700BD8AC6 /* AppDelegate.swift */,
			);
			name = Code;
			sourceTree = "<group>";
		};
		B5EC68D11D97D9AE00BD8AC6 /* Assets */ = {
			isa = PBXGroup;
			children = (
				B5EC68D61D97DA2800BD8AC6 /* Swan.xcassets */,
			);
			name = Assets;
			sourceTree = "<group>";
		};
		B5EC68D91D97F72800BD8AC6 /* Common */ = {
			isa = PBXGroup;
			children = (
				B5EC68DB1D97F73700BD8AC6 /* Models */,
				B5EC69041D9832FC00BD8AC6 /* Helpers */,
				B5EC68EA1D98163400BD8AC6 /* Extensions */,
				B5EC68FA1D982B4C00BD8AC6 /* Workers */,
			);
			name = Common;
			sourceTree = "<group>";
		};
		B5EC68DA1D97F72C00BD8AC6 /* Modules */ = {
			isa = PBXGroup;
			children = (
				B5EC68E41D98153200BD8AC6 /* Current */,
			);
			name = Modules;
			sourceTree = "<group>";
		};
		B5EC68DB1D97F73700BD8AC6 /* Models */ = {
			isa = PBXGroup;
			children = (
				B5EC68E01D97FF8100BD8AC6 /* APICurrent.swift */,
				B5EC69071D983E6F00BD8AC6 /* APIForecast.swift */,
				B5EC68E21D98002D00BD8AC6 /* APIWeather.swift */,
				B5EC68EE1D981A5500BD8AC6 /* Weather.swift */,
			);
			name = Models;
			sourceTree = "<group>";
		};
		B5EC68E41D98153200BD8AC6 /* Current */ = {
			isa = PBXGroup;
			children = (
				B5EC68E51D98158E00BD8AC6 /* Cells */,
				B5EC69091D986B6A00BD8AC6 /* Views */,
				B5EC68F81D981C2D00BD8AC6 /* CurrentConfigurator.swift */,
				B5EC68F61D981C1000BD8AC6 /* CurrentInteractor.swift */,
				B5EC68F41D981C0200BD8AC6 /* CurrentPresenter.swift */,
				B5EC68F01D981BCE00BD8AC6 /* CurrentViewController.swift */,
			);
			name = Current;
			sourceTree = "<group>";
		};
		B5EC68E51D98158E00BD8AC6 /* Cells */ = {
			isa = PBXGroup;
			children = (
				B5EC68E61D9815B600BD8AC6 /* CurrentCell.swift */,
				B5EC68E81D9815C700BD8AC6 /* ForecastCell.swift */,
			);
			name = Cells;
			sourceTree = "<group>";
		};
		B5EC68EA1D98163400BD8AC6 /* Extensions */ = {
			isa = PBXGroup;
			children = (
				B5EC69011D98314200BD8AC6 /* Double */,
				B5EC68EB1D98163C00BD8AC6 /* TableView */,
				B5EC690E1D98731700BD8AC6 /* View */,
			);
			name = Extensions;
			sourceTree = "<group>";
		};
		B5EC68EB1D98163C00BD8AC6 /* TableView */ = {
			isa = PBXGroup;
			children = (
				B5EC68EC1D98165F00BD8AC6 /* TableView+Utils.swift */,
			);
			name = TableView;
			sourceTree = "<group>";
		};
		B5EC68FA1D982B4C00BD8AC6 /* Workers */ = {
			isa = PBXGroup;
			children = (
				B5EC68FB1D982B6B00BD8AC6 /* APICurrentWorker.swift */,
				B5EC68FD1D982B7900BD8AC6 /* APIForecastWorker.swift */,
			);
			name = Workers;
			sourceTree = "<group>";
		};
		B5EC69011D98314200BD8AC6 /* Double */ = {
			isa = PBXGroup;
			children = (
				B5EC69021D98315600BD8AC6 /* Double+Utils.swift */,
			);
			name = Double;
			sourceTree = "<group>";
		};
		B5EC69041D9832FC00BD8AC6 /* Helpers */ = {
			isa = PBXGroup;
			children = (
				B5EC69051D98330E00BD8AC6 /* API.swift */,
			);
			name = Helpers;
			sourceTree = "<group>";
		};
		B5EC69091D986B6A00BD8AC6 /* Views */ = {
			isa = PBXGroup;
			children = (
				B5EC690A1D986B8100BD8AC6 /* ForecastView.xib */,
				B5EC690C1D986D2700BD8AC6 /* ForecastView.swift */,
			);
			name = Views;
			sourceTree = "<group>";
		};
		B5EC690E1D98731700BD8AC6 /* View */ = {
			isa = PBXGroup;
			children = (
				B5EC690F1D98733100BD8AC6 /* View+Utils.swift */,
			);
			name = View;
			sourceTree = "<group>";
		};
		CD265F39B4CEC2D758077D16 /* Pods */ = {
			isa = PBXGroup;
			children = (
				F44FC3AEE91FFA4E4F71E4AD /* Pods-BlackSwan.debug.xcconfig */,
				13CF9A25EAA4987A25AA2D73 /* Pods-BlackSwan.release.xcconfig */,
			);
			name = Pods;
			sourceTree = "<group>";
		};
		CE1D172FA68798D2AC369179 /* Frameworks */ = {
			isa = PBXGroup;
			children = (
				D2D58978D74F8C499E867238 /* Pods_BlackSwan.framework */,
			);
			name = Frameworks;
			sourceTree = "<group>";
		};
/* End PBXGroup section */

/* Begin PBXNativeTarget section */
		8C25E9511D95253700A9C79C /* BlackSwan */ = {
			isa = PBXNativeTarget;
			buildConfigurationList = 8C25E96F1D95253700A9C79C /* Build configuration list for PBXNativeTarget "BlackSwan" */;
			buildPhases = (
				02BACB303F9A2C0F5D87DDAF /* [CP] Check Pods Manifest.lock */,
				8C25E94E1D95253700A9C79C /* Sources */,
				8C25E94F1D95253700A9C79C /* Frameworks */,
				8C25E9501D95253700A9C79C /* Resources */,
				0F4E387D9F527E6199E474BC /* [CP] Embed Pods Frameworks */,
				EBFE0BB79F947179D65EBF20 /* [CP] Copy Pods Resources */,
				B5EC68D81D97F68300BD8AC6 /* Swiftlint */,
			);
			buildRules = (
			);
			dependencies = (
			);
			name = BlackSwan;
			productName = BlackSwan;
			productReference = 8C25E9521D95253700A9C79C /* BlackSwan.app */;
			productType = "com.apple.product-type.application";
		};
		8C25E9651D95253700A9C79C /* BlackSwanTests */ = {
			isa = PBXNativeTarget;
			buildConfigurationList = 8C25E9721D95253700A9C79C /* Build configuration list for PBXNativeTarget "BlackSwanTests" */;
			buildPhases = (
				8C25E9621D95253700A9C79C /* Sources */,
				8C25E9631D95253700A9C79C /* Frameworks */,
				8C25E9641D95253700A9C79C /* Resources */,
			);
			buildRules = (
			);
			dependencies = (
				8C25E9681D95253700A9C79C /* PBXTargetDependency */,
			);
			name = BlackSwanTests;
			productName = BlackSwanTests;
			productReference = 8C25E9661D95253700A9C79C /* BlackSwanTests.xctest */;
			productType = "com.apple.product-type.bundle.unit-test";
		};
/* End PBXNativeTarget section */

/* Begin PBXProject section */
		8C25E94A1D95253700A9C79C /* Project object */ = {
			isa = PBXProject;
			attributes = {
				KnownAssetTags = (
					clear_sky,
				);
				LastSwiftUpdateCheck = 0800;
				LastUpgradeCheck = 0800;
				ORGANIZATIONNAME = "Abel Orosz";
				TargetAttributes = {
					8C25E9511D95253700A9C79C = {
						CreatedOnToolsVersion = 8.0;
						LastSwiftMigration = 0800;
						ProvisioningStyle = Automatic;
					};
					8C25E9651D95253700A9C79C = {
						CreatedOnToolsVersion = 8.0;
						ProvisioningStyle = Automatic;
						TestTargetID = 8C25E9511D95253700A9C79C;
					};
				};
			};
			buildConfigurationList = 8C25E94D1D95253700A9C79C /* Build configuration list for PBXProject "BlackSwan" */;
			compatibilityVersion = "Xcode 3.2";
			developmentRegion = English;
			hasScannedForEncodings = 0;
			knownRegions = (
				en,
				Base,
			);
			mainGroup = 8C25E9491D95253700A9C79C;
			productRefGroup = 8C25E9531D95253700A9C79C /* Products */;
			projectDirPath = "";
			projectRoot = "";
			targets = (
				8C25E9511D95253700A9C79C /* BlackSwan */,
				8C25E9651D95253700A9C79C /* BlackSwanTests */,
			);
		};
/* End PBXProject section */

/* Begin PBXResourcesBuildPhase section */
		8C25E9501D95253700A9C79C /* Resources */ = {
			isa = PBXResourcesBuildPhase;
			buildActionMask = 2147483647;
			files = (
				B5EC68DF1D97FCC700BD8AC6 /* LaunchScreen.storyboard in Resources */,
				B5EC68D71D97DA2800BD8AC6 /* Swan.xcassets in Resources */,
				B5EC68DD1D97FCB700BD8AC6 /* Main.storyboard in Resources */,
				B5EC690B1D986B8100BD8AC6 /* ForecastView.xib in Resources */,
			);
			runOnlyForDeploymentPostprocessing = 0;
		};
		8C25E9641D95253700A9C79C /* Resources */ = {
			isa = PBXResourcesBuildPhase;
			buildActionMask = 2147483647;
			files = (
			);
			runOnlyForDeploymentPostprocessing = 0;
		};
/* End PBXResourcesBuildPhase section */

/* Begin PBXShellScriptBuildPhase section */
		02BACB303F9A2C0F5D87DDAF /* [CP] Check Pods Manifest.lock */ = {
			isa = PBXShellScriptBuildPhase;
			buildActionMask = 2147483647;
			files = (
			);
			inputPaths = (
			);
			name = "[CP] Check Pods Manifest.lock";
			outputPaths = (
			);
			runOnlyForDeploymentPostprocessing = 0;
			shellPath = /bin/sh;
			shellScript = "diff \"${PODS_ROOT}/../Podfile.lock\" \"${PODS_ROOT}/Manifest.lock\" > /dev/null\nif [[ $? != 0 ]] ; then\n    cat << EOM\nerror: The sandbox is not in sync with the Podfile.lock. Run 'pod install' or update your CocoaPods installation.\nEOM\n    exit 1\nfi\n";
			showEnvVarsInLog = 0;
		};
		0F4E387D9F527E6199E474BC /* [CP] Embed Pods Frameworks */ = {
			isa = PBXShellScriptBuildPhase;
			buildActionMask = 2147483647;
			files = (
			);
			inputPaths = (
			);
			name = "[CP] Embed Pods Frameworks";
			outputPaths = (
			);
			runOnlyForDeploymentPostprocessing = 0;
			shellPath = /bin/sh;
			shellScript = "\"${SRCROOT}/Pods/Target Support Files/Pods-BlackSwan/Pods-BlackSwan-frameworks.sh\"\n";
			showEnvVarsInLog = 0;
		};
		B5EC68D81D97F68300BD8AC6 /* Swiftlint */ = {
			isa = PBXShellScriptBuildPhase;
			buildActionMask = 2147483647;
			files = (
			);
			inputPaths = (
			);
			name = Swiftlint;
			outputPaths = (
			);
			runOnlyForDeploymentPostprocessing = 0;
			shellPath = /bin/sh;
			shellScript = "if which swiftlint >/dev/null; then\n    swiftlint\nelse\n    echo \"warning: SwiftLint not installed, download from https://github.com/realm/SwiftLint\"\nfi";
		};
		EBFE0BB79F947179D65EBF20 /* [CP] Copy Pods Resources */ = {
			isa = PBXShellScriptBuildPhase;
			buildActionMask = 2147483647;
			files = (
			);
			inputPaths = (
			);
			name = "[CP] Copy Pods Resources";
			outputPaths = (
			);
			runOnlyForDeploymentPostprocessing = 0;
			shellPath = /bin/sh;
			shellScript = "\"${SRCROOT}/Pods/Target Support Files/Pods-BlackSwan/Pods-BlackSwan-resources.sh\"\n";
			showEnvVarsInLog = 0;
		};
/* End PBXShellScriptBuildPhase section */

/* Begin PBXSourcesBuildPhase section */
		8C25E94E1D95253700A9C79C /* Sources */ = {
			isa = PBXSourcesBuildPhase;
			buildActionMask = 2147483647;
			files = (
				B5EC68F51D981C0200BD8AC6 /* CurrentPresenter.swift in Sources */,
				B5EC690D1D986D2700BD8AC6 /* ForecastView.swift in Sources */,
				B5EC68F11D981BCE00BD8AC6 /* CurrentViewController.swift in Sources */,
				B5EC69081D983E6F00BD8AC6 /* APIForecast.swift in Sources */,
				B5EC68E91D9815C700BD8AC6 /* ForecastCell.swift in Sources */,
				B5EC68ED1D98165F00BD8AC6 /* TableView+Utils.swift in Sources */,
				B5EC68E11D97FF8100BD8AC6 /* APICurrent.swift in Sources */,
				B5EC68E31D98002D00BD8AC6 /* APIWeather.swift in Sources */,
				B5EC68F71D981C1000BD8AC6 /* CurrentInteractor.swift in Sources */,
				B5EC68D51D97D9F700BD8AC6 /* AppDelegate.swift in Sources */,
				B5EC69031D98315600BD8AC6 /* Double+Utils.swift in Sources */,
				B5EC68FC1D982B6B00BD8AC6 /* APICurrentWorker.swift in Sources */,
				B5EC68F91D981C2D00BD8AC6 /* CurrentConfigurator.swift in Sources */,
				B5EC68E71D9815B600BD8AC6 /* CurrentCell.swift in Sources */,
				B5EC68FE1D982B7900BD8AC6 /* APIForecastWorker.swift in Sources */,
				B5EC69061D98330E00BD8AC6 /* API.swift in Sources */,
				B5EC69101D98733100BD8AC6 /* View+Utils.swift in Sources */,
				B5EC68EF1D981A5500BD8AC6 /* Weather.swift in Sources */,
			);
			runOnlyForDeploymentPostprocessing = 0;
		};
		8C25E9621D95253700A9C79C /* Sources */ = {
			isa = PBXSourcesBuildPhase;
			buildActionMask = 2147483647;
			files = (
				8CE52CCC1D990E4F00637175 /* WeatherTests.swift in Sources */,
				8CE52CCA1D99085300637175 /* ExtensionsTests.swift in Sources */,
			);
			runOnlyForDeploymentPostprocessing = 0;
		};
/* End PBXSourcesBuildPhase section */

/* Begin PBXTargetDependency section */
		8C25E9681D95253700A9C79C /* PBXTargetDependency */ = {
			isa = PBXTargetDependency;
			target = 8C25E9511D95253700A9C79C /* BlackSwan */;
			targetProxy = 8C25E9671D95253700A9C79C /* PBXContainerItemProxy */;
		};
/* End PBXTargetDependency section */

/* Begin XCBuildConfiguration section */
		8C25E96D1D95253700A9C79C /* Debug */ = {
			isa = XCBuildConfiguration;
			buildSettings = {
				ALWAYS_SEARCH_USER_PATHS = NO;
				CLANG_ANALYZER_NONNULL = YES;
				CLANG_CXX_LANGUAGE_STANDARD = "gnu++0x";
				CLANG_CXX_LIBRARY = "libc++";
				CLANG_ENABLE_MODULES = YES;
				CLANG_ENABLE_OBJC_ARC = YES;
				CLANG_WARN_BOOL_CONVERSION = YES;
				CLANG_WARN_CONSTANT_CONVERSION = YES;
				CLANG_WARN_DIRECT_OBJC_ISA_USAGE = YES_ERROR;
				CLANG_WARN_DOCUMENTATION_COMMENTS = YES;
				CLANG_WARN_EMPTY_BODY = YES;
				CLANG_WARN_ENUM_CONVERSION = YES;
				CLANG_WARN_INFINITE_RECURSION = YES;
				CLANG_WARN_INT_CONVERSION = YES;
				CLANG_WARN_OBJC_ROOT_CLASS = YES_ERROR;
				CLANG_WARN_SUSPICIOUS_MOVE = YES;
				CLANG_WARN_SUSPICIOUS_MOVES = YES;
				CLANG_WARN_UNREACHABLE_CODE = YES;
				CLANG_WARN__DUPLICATE_METHOD_MATCH = YES;
				"CODE_SIGN_IDENTITY[sdk=iphoneos*]" = "iPhone Developer";
				COPY_PHASE_STRIP = NO;
				DEBUG_INFORMATION_FORMAT = dwarf;
				ENABLE_STRICT_OBJC_MSGSEND = YES;
				ENABLE_TESTABILITY = YES;
				GCC_C_LANGUAGE_STANDARD = gnu99;
				GCC_DYNAMIC_NO_PIC = NO;
				GCC_NO_COMMON_BLOCKS = YES;
				GCC_OPTIMIZATION_LEVEL = 0;
				GCC_PREPROCESSOR_DEFINITIONS = (
					"DEBUG=1",
					"$(inherited)",
				);
				GCC_WARN_64_TO_32_BIT_CONVERSION = YES;
				GCC_WARN_ABOUT_RETURN_TYPE = YES_ERROR;
				GCC_WARN_UNDECLARED_SELECTOR = YES;
				GCC_WARN_UNINITIALIZED_AUTOS = YES_AGGRESSIVE;
				GCC_WARN_UNUSED_FUNCTION = YES;
				GCC_WARN_UNUSED_VARIABLE = YES;
				IPHONEOS_DEPLOYMENT_TARGET = 10.0;
				MTL_ENABLE_DEBUG_INFO = YES;
				ONLY_ACTIVE_ARCH = YES;
				SDKROOT = iphoneos;
				SWIFT_ACTIVE_COMPILATION_CONDITIONS = DEBUG;
				SWIFT_OPTIMIZATION_LEVEL = "-Onone";
			};
			name = Debug;
		};
		8C25E96E1D95253700A9C79C /* Release */ = {
			isa = XCBuildConfiguration;
			buildSettings = {
				ALWAYS_SEARCH_USER_PATHS = NO;
				CLANG_ANALYZER_NONNULL = YES;
				CLANG_CXX_LANGUAGE_STANDARD = "gnu++0x";
				CLANG_CXX_LIBRARY = "libc++";
				CLANG_ENABLE_MODULES = YES;
				CLANG_ENABLE_OBJC_ARC = YES;
				CLANG_WARN_BOOL_CONVERSION = YES;
				CLANG_WARN_CONSTANT_CONVERSION = YES;
				CLANG_WARN_DIRECT_OBJC_ISA_USAGE = YES_ERROR;
				CLANG_WARN_DOCUMENTATION_COMMENTS = YES;
				CLANG_WARN_EMPTY_BODY = YES;
				CLANG_WARN_ENUM_CONVERSION = YES;
				CLANG_WARN_INFINITE_RECURSION = YES;
				CLANG_WARN_INT_CONVERSION = YES;
				CLANG_WARN_OBJC_ROOT_CLASS = YES_ERROR;
				CLANG_WARN_SUSPICIOUS_MOVE = YES;
				CLANG_WARN_SUSPICIOUS_MOVES = YES;
				CLANG_WARN_UNREACHABLE_CODE = YES;
				CLANG_WARN__DUPLICATE_METHOD_MATCH = YES;
				"CODE_SIGN_IDENTITY[sdk=iphoneos*]" = "iPhone Developer";
				COPY_PHASE_STRIP = NO;
				DEBUG_INFORMATION_FORMAT = "dwarf-with-dsym";
				ENABLE_NS_ASSERTIONS = NO;
				ENABLE_STRICT_OBJC_MSGSEND = YES;
				GCC_C_LANGUAGE_STANDARD = gnu99;
				GCC_NO_COMMON_BLOCKS = YES;
				GCC_WARN_64_TO_32_BIT_CONVERSION = YES;
				GCC_WARN_ABOUT_RETURN_TYPE = YES_ERROR;
				GCC_WARN_UNDECLARED_SELECTOR = YES;
				GCC_WARN_UNINITIALIZED_AUTOS = YES_AGGRESSIVE;
				GCC_WARN_UNUSED_FUNCTION = YES;
				GCC_WARN_UNUSED_VARIABLE = YES;
				IPHONEOS_DEPLOYMENT_TARGET = 10.0;
				MTL_ENABLE_DEBUG_INFO = NO;
				SDKROOT = iphoneos;
				SWIFT_OPTIMIZATION_LEVEL = "-Owholemodule";
				VALIDATE_PRODUCT = YES;
			};
			name = Release;
		};
		8C25E9701D95253700A9C79C /* Debug */ = {
			isa = XCBuildConfiguration;
			baseConfigurationReference = F44FC3AEE91FFA4E4F71E4AD /* Pods-BlackSwan.debug.xcconfig */;
			buildSettings = {
				ALWAYS_EMBED_SWIFT_STANDARD_LIBRARIES = YES;
				ASSETCATALOG_COMPILER_APPICON_NAME = AppIcon;
				CLANG_ENABLE_MODULES = YES;
				DEVELOPMENT_TEAM = "";
				INFOPLIST_FILE = "$(SRCROOT)/BlackSwan/Support/Info.plist";
				IPHONEOS_DEPLOYMENT_TARGET = 10.0;
				LD_RUNPATH_SEARCH_PATHS = "$(inherited) @executable_path/Frameworks";
				PRODUCT_BUNDLE_IDENTIFIER = com.abelorosz.BlackSwan;
				PRODUCT_NAME = "$(TARGET_NAME)";
				SWIFT_OPTIMIZATION_LEVEL = "-Onone";
				SWIFT_VERSION = 3.0;
			};
			name = Debug;
		};
		8C25E9711D95253700A9C79C /* Release */ = {
			isa = XCBuildConfiguration;
			baseConfigurationReference = 13CF9A25EAA4987A25AA2D73 /* Pods-BlackSwan.release.xcconfig */;
			buildSettings = {
				ALWAYS_EMBED_SWIFT_STANDARD_LIBRARIES = YES;
				ASSETCATALOG_COMPILER_APPICON_NAME = AppIcon;
				CLANG_ENABLE_MODULES = YES;
				DEVELOPMENT_TEAM = "";
				INFOPLIST_FILE = "$(SRCROOT)/BlackSwan/Support/Info.plist";
				IPHONEOS_DEPLOYMENT_TARGET = 10.0;
				LD_RUNPATH_SEARCH_PATHS = "$(inherited) @executable_path/Frameworks";
				PRODUCT_BUNDLE_IDENTIFIER = com.abelorosz.BlackSwan;
				PRODUCT_NAME = "$(TARGET_NAME)";
				SWIFT_VERSION = 3.0;
			};
			name = Release;
		};
		8C25E9731D95253700A9C79C /* Debug */ = {
			isa = XCBuildConfiguration;
			buildSettings = {
				ALWAYS_EMBED_SWIFT_STANDARD_LIBRARIES = YES;
				BUNDLE_LOADER = "$(TEST_HOST)";
				DEVELOPMENT_TEAM = "";
				INFOPLIST_FILE = BlackSwanTests/Info.plist;
				LD_RUNPATH_SEARCH_PATHS = "$(inherited) @executable_path/Frameworks @loader_path/Frameworks";
				PRODUCT_BUNDLE_IDENTIFIER = com.abelorosz.BlackSwanTests;
				PRODUCT_NAME = "$(TARGET_NAME)";
				SWIFT_VERSION = 3.0;
				TEST_HOST = "$(BUILT_PRODUCTS_DIR)/BlackSwan.app/BlackSwan";
			};
			name = Debug;
		};
		8C25E9741D95253700A9C79C /* Release */ = {
			isa = XCBuildConfiguration;
			buildSettings = {
				ALWAYS_EMBED_SWIFT_STANDARD_LIBRARIES = YES;
				BUNDLE_LOADER = "$(TEST_HOST)";
				DEVELOPMENT_TEAM = "";
				INFOPLIST_FILE = BlackSwanTests/Info.plist;
				LD_RUNPATH_SEARCH_PATHS = "$(inherited) @executable_path/Frameworks @loader_path/Frameworks";
				PRODUCT_BUNDLE_IDENTIFIER = com.abelorosz.BlackSwanTests;
				PRODUCT_NAME = "$(TARGET_NAME)";
				SWIFT_VERSION = 3.0;
				TEST_HOST = "$(BUILT_PRODUCTS_DIR)/BlackSwan.app/BlackSwan";
			};
			name = Release;
		};
/* End XCBuildConfiguration section */

/* Begin XCConfigurationList section */
		8C25E94D1D95253700A9C79C /* Build configuration list for PBXProject "BlackSwan" */ = {
			isa = XCConfigurationList;
			buildConfigurations = (
				8C25E96D1D95253700A9C79C /* Debug */,
				8C25E96E1D95253700A9C79C /* Release */,
			);
			defaultConfigurationIsVisible = 0;
			defaultConfigurationName = Release;
		};
		8C25E96F1D95253700A9C79C /* Build configuration list for PBXNativeTarget "BlackSwan" */ = {
			isa = XCConfigurationList;
			buildConfigurations = (
				8C25E9701D95253700A9C79C /* Debug */,
				8C25E9711D95253700A9C79C /* Release */,
			);
			defaultConfigurationIsVisible = 0;
			defaultConfigurationName = Release;
		};
		8C25E9721D95253700A9C79C /* Build configuration list for PBXNativeTarget "BlackSwanTests" */ = {
			isa = XCConfigurationList;
			buildConfigurations = (
				8C25E9731D95253700A9C79C /* Debug */,
				8C25E9741D95253700A9C79C /* Release */,
			);
			defaultConfigurationIsVisible = 0;
			defaultConfigurationName = Release;
		};
/* End XCConfigurationList section */
	};
	rootObject = 8C25E94A1D95253700A9C79C /* Project object */;
}
